
Microsoft Visual Studio Solution File, Format Version 12.00
# Visual Studio 15
VisualStudioVersion = 15.0.27428.2015
MinimumVisualStudioVersion = 10.0.40219.1
Project("{FAE04EC0-301F-11D3-BF4B-00C04F79EFBC}") = "TaskFirst", "TaskFirst\TaskFirst\TaskFirst.csproj", "{691D5FB2-7FA2-487D-9174-42A5ACFFD1AE}"
EndProject
Project("{FAE04EC0-301F-11D3-BF4B-00C04F79EFBC}") = "TaskFirst.Android", "TaskFirst\TaskFirst.Android\TaskFirst.Android.csproj", "{D8B5974B-E0ED-4CE7-BEE2-5623346332A6}"
EndProject
Project("{FAE04EC0-301F-11D3-BF4B-00C04F79EFBC}") = "TaskFirst.iOS", "TaskFirst\TaskFirst.iOS\TaskFirst.iOS.csproj", "{870DC48F-18FA-491A-A246-3D48DD840D9B}"
EndProject
Project("{FAE04EC0-301F-11D3-BF4B-00C04F79EFBC}") = "TaskFirst.UWP", "TaskFirst\TaskFirst.UWP\TaskFirst.UWP.csproj", "{6A522A6E-73A5-4652-9413-2061A494B978}"
EndProject
Global
	GlobalSection(SolutionConfigurationPlatforms) = preSolution
		Ad-Hoc|Any CPU = Ad-Hoc|Any CPU
		Ad-Hoc|ARM = Ad-Hoc|ARM
		Ad-Hoc|iPhone = Ad-Hoc|iPhone
		Ad-Hoc|iPhoneSimulator = Ad-Hoc|iPhoneSimulator
		Ad-Hoc|x64 = Ad-Hoc|x64
		Ad-Hoc|x86 = Ad-Hoc|x86
		AppStore|Any CPU = AppStore|Any CPU
		AppStore|ARM = AppStore|ARM
		AppStore|iPhone = AppStore|iPhone
		AppStore|iPhoneSimulator = AppStore|iPhoneSimulator
		AppStore|x64 = AppStore|x64
		AppStore|x86 = AppStore|x86
		Debug|Any CPU = Debug|Any CPU
		Debug|ARM = Debug|ARM
		Debug|iPhone = Debug|iPhone
		Debug|iPhoneSimulator = Debug|iPhoneSimulator
		Debug|x64 = Debug|x64
		Debug|x86 = Debug|x86
		Release|Any CPU = Release|Any CPU
		Release|ARM = Release|ARM
		Release|iPhone = Release|iPhone
		Release|iPhoneSimulator = Release|iPhoneSimulator
		Release|x64 = Release|x64
		Release|x86 = Release|x86
	EndGlobalSection
	GlobalSection(ProjectConfigurationPlatforms) = postSolution
		{691D5FB2-7FA2-487D-9174-42A5ACFFD1AE}.Ad-Hoc|Any CPU.ActiveCfg = Debug|Any CPU
		{691D5FB2-7FA2-487D-9174-42A5ACFFD1AE}.Ad-Hoc|Any CPU.Build.0 = Debug|Any CPU
		{691D5FB2-7FA2-487D-9174-42A5ACFFD1AE}.Ad-Hoc|ARM.ActiveCfg = Debug|Any CPU
		{691D5FB2-7FA2-487D-9174-42A5ACFFD1AE}.Ad-Hoc|ARM.Build.0 = Debug|Any CPU
		{691D5FB2-7FA2-487D-9174-42A5ACFFD1AE}.Ad-Hoc|iPhone.ActiveCfg = Debug|Any CPU
		{691D5FB2-7FA2-487D-9174-42A5ACFFD1AE}.Ad-Hoc|iPhone.Build.0 = Debug|Any CPU
		{691D5FB2-7FA2-487D-9174-42A5ACFFD1AE}.Ad-Hoc|iPhoneSimulator.ActiveCfg = Debug|Any CPU
		{691D5FB2-7FA2-487D-9174-42A5ACFFD1AE}.Ad-Hoc|iPhoneSimulator.Build.0 = Debug|Any CPU
		{691D5FB2-7FA2-487D-9174-42A5ACFFD1AE}.Ad-Hoc|x64.ActiveCfg = Debug|Any CPU
		{691D5FB2-7FA2-487D-9174-42A5ACFFD1AE}.Ad-Hoc|x64.Build.0 = Debug|Any CPU
		{691D5FB2-7FA2-487D-9174-42A5ACFFD1AE}.Ad-Hoc|x86.ActiveCfg = Debug|Any CPU
		{691D5FB2-7FA2-487D-9174-42A5ACFFD1AE}.Ad-Hoc|x86.Build.0 = Debug|Any CPU
		{691D5FB2-7FA2-487D-9174-42A5ACFFD1AE}.AppStore|Any CPU.ActiveCfg = Debug|Any CPU
		{691D5FB2-7FA2-487D-9174-42A5ACFFD1AE}.AppStore|Any CPU.Build.0 = Debug|Any CPU
		{691D5FB2-7FA2-487D-9174-42A5ACFFD1AE}.AppStore|ARM.ActiveCfg = Debug|Any CPU
		{691D5FB2-7FA2-487D-9174-42A5ACFFD1AE}.AppStore|ARM.Build.0 = Debug|Any CPU
		{691D5FB2-7FA2-487D-9174-42A5ACFFD1AE}.AppStore|iPhone.ActiveCfg = Debug|Any CPU
		{691D5FB2-7FA2-487D-9174-42A5ACFFD1AE}.AppStore|iPhone.Build.0 = Debug|Any CPU
		{691D5FB2-7FA2-487D-9174-42A5ACFFD1AE}.AppStore|iPhoneSimulator.ActiveCfg = Debug|Any CPU
		{691D5FB2-7FA2-487D-9174-42A5ACFFD1AE}.AppStore|iPhoneSimulator.Build.0 = Debug|Any CPU
		{691D5FB2-7FA2-487D-9174-42A5ACFFD1AE}.AppStore|x64.ActiveCfg = Debug|Any CPU
		{691D5FB2-7FA2-487D-9174-42A5ACFFD1AE}.AppStore|x64.Build.0 = Debug|Any CPU
		{691D5FB2-7FA2-487D-9174-42A5ACFFD1AE}.AppStore|x86.ActiveCfg = Debug|Any CPU
		{691D5FB2-7FA2-487D-9174-42A5ACFFD1AE}.AppStore|x86.Build.0 = Debug|Any CPU
		{691D5FB2-7FA2-487D-9174-42A5ACFFD1AE}.Debug|Any CPU.ActiveCfg = Debug|Any CPU
		{691D5FB2-7FA2-487D-9174-42A5ACFFD1AE}.Debug|Any CPU.Build.0 = Debug|Any CPU
		{691D5FB2-7FA2-487D-9174-42A5ACFFD1AE}.Debug|ARM.ActiveCfg = Debug|Any CPU
		{691D5FB2-7FA2-487D-9174-42A5ACFFD1AE}.Debug|ARM.Build.0 = Debug|Any CPU
		{691D5FB2-7FA2-487D-9174-42A5ACFFD1AE}.Debug|iPhone.ActiveCfg = Debug|Any CPU
		{691D5FB2-7FA2-487D-9174-42A5ACFFD1AE}.Debug|iPhone.Build.0 = Debug|Any CPU
		{691D5FB2-7FA2-487D-9174-42A5ACFFD1AE}.Debug|iPhoneSimulator.ActiveCfg = Debug|Any CPU
		{691D5FB2-7FA2-487D-9174-42A5ACFFD1AE}.Debug|iPhoneSimulator.Build.0 = Debug|Any CPU
		{691D5FB2-7FA2-487D-9174-42A5ACFFD1AE}.Debug|x64.ActiveCfg = Debug|Any CPU
		{691D5FB2-7FA2-487D-9174-42A5ACFFD1AE}.Debug|x64.Build.0 = Debug|Any CPU
		{691D5FB2-7FA2-487D-9174-42A5ACFFD1AE}.Debug|x86.ActiveCfg = Debug|Any CPU
		{691D5FB2-7FA2-487D-9174-42A5ACFFD1AE}.Debug|x86.Build.0 = Debug|Any CPU
		{691D5FB2-7FA2-487D-9174-42A5ACFFD1AE}.Release|Any CPU.ActiveCfg = Release|Any CPU
		{691D5FB2-7FA2-487D-9174-42A5ACFFD1AE}.Release|Any CPU.Build.0 = Release|Any CPU
		{691D5FB2-7FA2-487D-9174-42A5ACFFD1AE}.Release|ARM.ActiveCfg = Release|Any CPU
		{691D5FB2-7FA2-487D-9174-42A5ACFFD1AE}.Release|ARM.Build.0 = Release|Any CPU
		{691D5FB2-7FA2-487D-9174-42A5ACFFD1AE}.Release|iPhone.ActiveCfg = Release|Any CPU
		{691D5FB2-7FA2-487D-9174-42A5ACFFD1AE}.Release|iPhone.Build.0 = Release|Any CPU
		{691D5FB2-7FA2-487D-9174-42A5ACFFD1AE}.Release|iPhoneSimulator.ActiveCfg = Release|Any CPU
		{691D5FB2-7FA2-487D-9174-42A5ACFFD1AE}.Release|iPhoneSimulator.Build.0 = Release|Any CPU
		{691D5FB2-7FA2-487D-9174-42A5ACFFD1AE}.Release|x64.ActiveCfg = Release|Any CPU
		{691D5FB2-7FA2-487D-9174-42A5ACFFD1AE}.Release|x64.Build.0 = Release|Any CPU
		{691D5FB2-7FA2-487D-9174-42A5ACFFD1AE}.Release|x86.ActiveCfg = Release|Any CPU
		{691D5FB2-7FA2-487D-9174-42A5ACFFD1AE}.Release|x86.Build.0 = Release|Any CPU
		{D8B5974B-E0ED-4CE7-BEE2-5623346332A6}.Ad-Hoc|Any CPU.ActiveCfg = Release|Any CPU
		{D8B5974B-E0ED-4CE7-BEE2-5623346332A6}.Ad-Hoc|Any CPU.Build.0 = Release|Any CPU
		{D8B5974B-E0ED-4CE7-BEE2-5623346332A6}.Ad-Hoc|Any CPU.Deploy.0 = Release|Any CPU
		{D8B5974B-E0ED-4CE7-BEE2-5623346332A6}.Ad-Hoc|ARM.ActiveCfg = Release|Any CPU
		{D8B5974B-E0ED-4CE7-BEE2-5623346332A6}.Ad-Hoc|ARM.Build.0 = Release|Any CPU
		{D8B5974B-E0ED-4CE7-BEE2-5623346332A6}.Ad-Hoc|ARM.Deploy.0 = Release|Any CPU
		{D8B5974B-E0ED-4CE7-BEE2-5623346332A6}.Ad-Hoc|iPhone.ActiveCfg = Release|Any CPU
		{D8B5974B-E0ED-4CE7-BEE2-5623346332A6}.Ad-Hoc|iPhone.Build.0 = Release|Any CPU
		{D8B5974B-E0ED-4CE7-BEE2-5623346332A6}.Ad-Hoc|iPhone.Deploy.0 = Release|Any CPU
		{D8B5974B-E0ED-4CE7-BEE2-5623346332A6}.Ad-Hoc|iPhoneSimulator.ActiveCfg = Release|Any CPU
		{D8B5974B-E0ED-4CE7-BEE2-5623346332A6}.Ad-Hoc|iPhoneSimulator.Build.0 = Release|Any CPU
		{D8B5974B-E0ED-4CE7-BEE2-5623346332A6}.Ad-Hoc|iPhoneSimulator.Deploy.0 = Release|Any CPU
		{D8B5974B-E0ED-4CE7-BEE2-5623346332A6}.Ad-Hoc|x64.ActiveCfg = Release|Any CPU
		{D8B5974B-E0ED-4CE7-BEE2-5623346332A6}.Ad-Hoc|x64.Build.0 = Release|Any CPU
		{D8B5974B-E0ED-4CE7-BEE2-5623346332A6}.Ad-Hoc|x64.Deploy.0 = Release|Any CPU
		{D8B5974B-E0ED-4CE7-BEE2-5623346332A6}.Ad-Hoc|x86.ActiveCfg = Release|Any CPU
		{D8B5974B-E0ED-4CE7-BEE2-5623346332A6}.Ad-Hoc|x86.Build.0 = Release|Any CPU
		{D8B5974B-E0ED-4CE7-BEE2-5623346332A6}.Ad-Hoc|x86.Deploy.0 = Release|Any CPU
		{D8B5974B-E0ED-4CE7-BEE2-5623346332A6}.AppStore|Any CPU.ActiveCfg = Release|Any CPU
		{D8B5974B-E0ED-4CE7-BEE2-5623346332A6}.AppStore|Any CPU.Build.0 = Release|Any CPU
		{D8B5974B-E0ED-4CE7-BEE2-5623346332A6}.AppStore|Any CPU.Deploy.0 = Release|Any CPU
		{D8B5974B-E0ED-4CE7-BEE2-5623346332A6}.AppStore|ARM.ActiveCfg = Release|Any CPU
		{D8B5974B-E0ED-4CE7-BEE2-5623346332A6}.AppStore|ARM.Build.0 = Release|Any CPU
		{D8B5974B-E0ED-4CE7-BEE2-5623346332A6}.AppStore|ARM.Deploy.0 = Release|Any CPU
		{D8B5974B-E0ED-4CE7-BEE2-5623346332A6}.AppStore|iPhone.ActiveCfg = Release|Any CPU
		{D8B5974B-E0ED-4CE7-BEE2-5623346332A6}.AppStore|iPhone.Build.0 = Release|Any CPU
		{D8B5974B-E0ED-4CE7-BEE2-5623346332A6}.AppStore|iPhone.Deploy.0 = Release|Any CPU
		{D8B5974B-E0ED-4CE7-BEE2-5623346332A6}.AppStore|iPhoneSimulator.ActiveCfg = Release|Any CPU
		{D8B5974B-E0ED-4CE7-BEE2-5623346332A6}.AppStore|iPhoneSimulator.Build.0 = Release|Any CPU
		{D8B5974B-E0ED-4CE7-BEE2-5623346332A6}.AppStore|iPhoneSimulator.Deploy.0 = Release|Any CPU
		{D8B5974B-E0ED-4CE7-BEE2-5623346332A6}.AppStore|x64.ActiveCfg = Release|Any CPU
		{D8B5974B-E0ED-4CE7-BEE2-5623346332A6}.AppStore|x64.Build.0 = Release|Any CPU
		{D8B5974B-E0ED-4CE7-BEE2-5623346332A6}.AppStore|x64.Deploy.0 = Release|Any CPU
		{D8B5974B-E0ED-4CE7-BEE2-5623346332A6}.AppStore|x86.ActiveCfg = Release|Any CPU
		{D8B5974B-E0ED-4CE7-BEE2-5623346332A6}.AppStore|x86.Build.0 = Release|Any CPU
		{D8B5974B-E0ED-4CE7-BEE2-5623346332A6}.AppStore|x86.Deploy.0 = Release|Any CPU
		{D8B5974B-E0ED-4CE7-BEE2-5623346332A6}.Debug|Any CPU.ActiveCfg = Debug|Any CPU
		{D8B5974B-E0ED-4CE7-BEE2-5623346332A6}.Debug|Any CPU.Build.0 = Debug|Any CPU
		{D8B5974B-E0ED-4CE7-BEE2-5623346332A6}.Debug|Any CPU.Deploy.0 = Debug|Any CPU
		{D8B5974B-E0ED-4CE7-BEE2-5623346332A6}.Debug|ARM.ActiveCfg = Debug|Any CPU
		{D8B5974B-E0ED-4CE7-BEE2-5623346332A6}.Debug|ARM.Build.0 = Debug|Any CPU
		{D8B5974B-E0ED-4CE7-BEE2-5623346332A6}.Debug|ARM.Deploy.0 = Debug|Any CPU
		{D8B5974B-E0ED-4CE7-BEE2-5623346332A6}.Debug|iPhone.ActiveCfg = Debug|Any CPU
		{D8B5974B-E0ED-4CE7-BEE2-5623346332A6}.Debug|iPhone.Build.0 = Debug|Any CPU
		{D8B5974B-E0ED-4CE7-BEE2-5623346332A6}.Debug|iPhone.Deploy.0 = Debug|Any CPU
		{D8B5974B-E0ED-4CE7-BEE2-5623346332A6}.Debug|iPhoneSimulator.ActiveCfg = Debug|Any CPU
		{D8B5974B-E0ED-4CE7-BEE2-5623346332A6}.Debug|iPhoneSimulator.Build.0 = Debug|Any CPU
		{D8B5974B-E0ED-4CE7-BEE2-5623346332A6}.Debug|iPhoneSimulator.Deploy.0 = Debug|Any CPU
		{D8B5974B-E0ED-4CE7-BEE2-5623346332A6}.Debug|x64.ActiveCfg = Debug|Any CPU
		{D8B5974B-E0ED-4CE7-BEE2-5623346332A6}.Debug|x64.Build.0 = Debug|Any CPU
		{D8B5974B-E0ED-4CE7-BEE2-5623346332A6}.Debug|x64.Deploy.0 = Debug|Any CPU
		{D8B5974B-E0ED-4CE7-BEE2-5623346332A6}.Debug|x86.ActiveCfg = Debug|Any CPU
		{D8B5974B-E0ED-4CE7-BEE2-5623346332A6}.Debug|x86.Build.0 = Debug|Any CPU
		{D8B5974B-E0ED-4CE7-BEE2-5623346332A6}.Debug|x86.Deploy.0 = Debug|Any CPU
		{D8B5974B-E0ED-4CE7-BEE2-5623346332A6}.Release|Any CPU.ActiveCfg = Release|Any CPU
		{D8B5974B-E0ED-4CE7-BEE2-5623346332A6}.Release|Any CPU.Build.0 = Release|Any CPU
		{D8B5974B-E0ED-4CE7-BEE2-5623346332A6}.Release|Any CPU.Deploy.0 = Release|Any CPU
		{D8B5974B-E0ED-4CE7-BEE2-5623346332A6}.Release|ARM.ActiveCfg = Release|Any CPU
		{D8B5974B-E0ED-4CE7-BEE2-5623346332A6}.Release|ARM.Build.0 = Release|Any CPU
		{D8B5974B-E0ED-4CE7-BEE2-5623346332A6}.Release|ARM.Deploy.0 = Release|Any CPU
		{D8B5974B-E0ED-4CE7-BEE2-5623346332A6}.Release|iPhone.ActiveCfg = Release|Any CPU
		{D8B5974B-E0ED-4CE7-BEE2-5623346332A6}.Release|iPhone.Build.0 = Release|Any CPU
		{D8B5974B-E0ED-4CE7-BEE2-5623346332A6}.Release|iPhone.Deploy.0 = Release|Any CPU
		{D8B5974B-E0ED-4CE7-BEE2-5623346332A6}.Release|iPhoneSimulator.ActiveCfg = Release|Any CPU
		{D8B5974B-E0ED-4CE7-BEE2-5623346332A6}.Release|iPhoneSimulator.Build.0 = Release|Any CPU
		{D8B5974B-E0ED-4CE7-BEE2-5623346332A6}.Release|iPhoneSimulator.Deploy.0 = Release|Any CPU
		{D8B5974B-E0ED-4CE7-BEE2-5623346332A6}.Release|x64.ActiveCfg = Release|Any CPU
		{D8B5974B-E0ED-4CE7-BEE2-5623346332A6}.Release|x64.Build.0 = Release|Any CPU
		{D8B5974B-E0ED-4CE7-BEE2-5623346332A6}.Release|x64.Deploy.0 = Release|Any CPU
		{D8B5974B-E0ED-4CE7-BEE2-5623346332A6}.Release|x86.ActiveCfg = Release|Any CPU
		{D8B5974B-E0ED-4CE7-BEE2-5623346332A6}.Release|x86.Build.0 = Release|Any CPU
		{D8B5974B-E0ED-4CE7-BEE2-5623346332A6}.Release|x86.Deploy.0 = Release|Any CPU
		{870DC48F-18FA-491A-A246-3D48DD840D9B}.Ad-Hoc|Any CPU.ActiveCfg = Ad-Hoc|iPhone
		{870DC48F-18FA-491A-A246-3D48DD840D9B}.Ad-Hoc|ARM.ActiveCfg = Ad-Hoc|iPhone
		{870DC48F-18FA-491A-A246-3D48DD840D9B}.Ad-Hoc|iPhone.ActiveCfg = Ad-Hoc|iPhone
		{870DC48F-18FA-491A-A246-3D48DD840D9B}.Ad-Hoc|iPhone.Build.0 = Ad-Hoc|iPhone
		{870DC48F-18FA-491A-A246-3D48DD840D9B}.Ad-Hoc|iPhoneSimulator.ActiveCfg = Ad-Hoc|iPhoneSimulator
		{870DC48F-18FA-491A-A246-3D48DD840D9B}.Ad-Hoc|iPhoneSimulator.Build.0 = Ad-Hoc|iPhoneSimulator
		{870DC48F-18FA-491A-A246-3D48DD840D9B}.Ad-Hoc|x64.ActiveCfg = Ad-Hoc|iPhone
		{870DC48F-18FA-491A-A246-3D48DD840D9B}.Ad-Hoc|x86.ActiveCfg = Ad-Hoc|iPhone
		{870DC48F-18FA-491A-A246-3D48DD840D9B}.AppStore|Any CPU.ActiveCfg = AppStore|iPhone
		{870DC48F-18FA-491A-A246-3D48DD840D9B}.AppStore|ARM.ActiveCfg = AppStore|iPhone
		{870DC48F-18FA-491A-A246-3D48DD840D9B}.AppStore|iPhone.ActiveCfg = AppStore|iPhone
		{870DC48F-18FA-491A-A246-3D48DD840D9B}.AppStore|iPhone.Build.0 = AppStore|iPhone
		{870DC48F-18FA-491A-A246-3D48DD840D9B}.AppStore|iPhoneSimulator.ActiveCfg = AppStore|iPhoneSimulator
		{870DC48F-18FA-491A-A246-3D48DD840D9B}.AppStore|iPhoneSimulator.Build.0 = AppStore|iPhoneSimulator
		{870DC48F-18FA-491A-A246-3D48DD840D9B}.AppStore|x64.ActiveCfg = AppStore|iPhone
		{870DC48F-18FA-491A-A246-3D48DD840D9B}.AppStore|x86.ActiveCfg = AppStore|iPhone
		{870DC48F-18FA-491A-A246-3D48DD840D9B}.Debug|Any CPU.ActiveCfg = Debug|iPhone
		{870DC48F-18FA-491A-A246-3D48DD840D9B}.Debug|ARM.ActiveCfg = Debug|iPhone
		{870DC48F-18FA-491A-A246-3D48DD840D9B}.Debug|iPhone.ActiveCfg = Debug|iPhone
		{870DC48F-18FA-491A-A246-3D48DD840D9B}.Debug|iPhone.Build.0 = Debug|iPhone
		{870DC48F-18FA-491A-A246-3D48DD840D9B}.Debug|iPhoneSimulator.ActiveCfg = Debug|iPhoneSimulator
		{870DC48F-18FA-491A-A246-3D48DD840D9B}.Debug|iPhoneSimulator.Build.0 = Debug|iPhoneSimulator
		{870DC48F-18FA-491A-A246-3D48DD840D9B}.Debug|x64.ActiveCfg = Debug|iPhone
		{870DC48F-18FA-491A-A246-3D48DD840D9B}.Debug|x86.ActiveCfg = Debug|iPhone
		{870DC48F-18FA-491A-A246-3D48DD840D9B}.Release|Any CPU.ActiveCfg = Release|iPhone
		{870DC48F-18FA-491A-A246-3D48DD840D9B}.Release|ARM.ActiveCfg = Release|iPhone
		{870DC48F-18FA-491A-A246-3D48DD840D9B}.Release|iPhone.ActiveCfg = Release|iPhone
		{870DC48F-18FA-491A-A246-3D48DD840D9B}.Release|iPhone.Build.0 = Release|iPhone
		{870DC48F-18FA-491A-A246-3D48DD840D9B}.Release|iPhoneSimulator.ActiveCfg = Release|iPhoneSimulator
		{870DC48F-18FA-491A-A246-3D48DD840D9B}.Release|iPhoneSimulator.Build.0 = Release|iPhoneSimulator
		{870DC48F-18FA-491A-A246-3D48DD840D9B}.Release|x64.ActiveCfg = Release|iPhone
		{870DC48F-18FA-491A-A246-3D48DD840D9B}.Release|x86.ActiveCfg = Release|iPhone
		{6A522A6E-73A5-4652-9413-2061A494B978}.Ad-Hoc|Any CPU.ActiveCfg = Release|x86
		{6A522A6E-73A5-4652-9413-2061A494B978}.Ad-Hoc|Any CPU.Build.0 = Release|x86
		{6A522A6E-73A5-4652-9413-2061A494B978}.Ad-Hoc|Any CPU.Deploy.0 = Release|x86
		{6A522A6E-73A5-4652-9413-2061A494B978}.Ad-Hoc|ARM.ActiveCfg = Release|ARM
		{6A522A6E-73A5-4652-9413-2061A494B978}.Ad-Hoc|ARM.Build.0 = Release|ARM
		{6A522A6E-73A5-4652-9413-2061A494B978}.Ad-Hoc|ARM.Deploy.0 = Release|ARM
		{6A522A6E-73A5-4652-9413-2061A494B978}.Ad-Hoc|iPhone.ActiveCfg = Release|x86
		{6A522A6E-73A5-4652-9413-2061A494B978}.Ad-Hoc|iPhone.Build.0 = Release|x86
		{6A522A6E-73A5-4652-9413-2061A494B978}.Ad-Hoc|iPhone.Deploy.0 = Release|x86
		{6A522A6E-73A5-4652-9413-2061A494B978}.Ad-Hoc|iPhoneSimulator.ActiveCfg = Release|x86
		{6A522A6E-73A5-4652-9413-2061A494B978}.Ad-Hoc|iPhoneSimulator.Build.0 = Release|x86
		{6A522A6E-73A5-4652-9413-2061A494B978}.Ad-Hoc|iPhoneSimulator.Deploy.0 = Release|x86
		{6A522A6E-73A5-4652-9413-2061A494B978}.Ad-Hoc|x64.ActiveCfg = Release|x64
		{6A522A6E-73A5-4652-9413-2061A494B978}.Ad-Hoc|x64.Build.0 = Release|x64
		{6A522A6E-73A5-4652-9413-2061A494B978}.Ad-Hoc|x64.Deploy.0 = Release|x64
		{6A522A6E-73A5-4652-9413-2061A494B978}.Ad-Hoc|x86.ActiveCfg = Release|x86
		{6A522A6E-73A5-4652-9413-2061A494B978}.Ad-Hoc|x86.Build.0 = Release|x86
		{6A522A6E-73A5-4652-9413-2061A494B978}.Ad-Hoc|x86.Deploy.0 = Release|x86
		{6A522A6E-73A5-4652-9413-2061A494B978}.AppStore|Any CPU.ActiveCfg = Release|x86
		{6A522A6E-73A5-4652-9413-2061A494B978}.AppStore|Any CPU.Build.0 = Release|x86
		{6A522A6E-73A5-4652-9413-2061A494B978}.AppStore|Any CPU.Deploy.0 = Release|x86
		{6A522A6E-73A5-4652-9413-2061A494B978}.AppStore|ARM.ActiveCfg = Release|ARM
		{6A522A6E-73A5-4652-9413-2061A494B978}.AppStore|ARM.Build.0 = Release|ARM
		{6A522A6E-73A5-4652-9413-2061A494B978}.AppStore|ARM.Deploy.0 = Release|ARM
		{6A522A6E-73A5-4652-9413-2061A494B978}.AppStore|iPhone.ActiveCfg = Release|x86
		{6A522A6E-73A5-4652-9413-2061A494B978}.AppStore|iPhone.Build.0 = Release|x86
		{6A522A6E-73A5-4652-9413-2061A494B978}.AppStore|iPhone.Deploy.0 = Release|x86
		{6A522A6E-73A5-4652-9413-2061A494B978}.AppStore|iPhoneSimulator.ActiveCfg = Release|x86
		{6A522A6E-73A5-4652-9413-2061A494B978}.AppStore|iPhoneSimulator.Build.0 = Release|x86
		{6A522A6E-73A5-4652-9413-2061A494B978}.AppStore|iPhoneSimulator.Deploy.0 = Release|x86
		{6A522A6E-73A5-4652-9413-2061A494B978}.AppStore|x64.ActiveCfg = Release|x64
		{6A522A6E-73A5-4652-9413-2061A494B978}.AppStore|x64.Build.0 = Release|x64
		{6A522A6E-73A5-4652-9413-2061A494B978}.AppStore|x64.Deploy.0 = Release|x64
		{6A522A6E-73A5-4652-9413-2061A494B978}.AppStore|x86.ActiveCfg = Release|x86
		{6A522A6E-73A5-4652-9413-2061A494B978}.AppStore|x86.Build.0 = Release|x86
		{6A522A6E-73A5-4652-9413-2061A494B978}.AppStore|x86.Deploy.0 = Release|x86
		{6A522A6E-73A5-4652-9413-2061A494B978}.Debug|Any CPU.ActiveCfg = Debug|x86
		{6A522A6E-73A5-4652-9413-2061A494B978}.Debug|ARM.ActiveCfg = Debug|ARM
		{6A522A6E-73A5-4652-9413-2061A494B978}.Debug|ARM.Build.0 = Debug|ARM
		{6A522A6E-73A5-4652-9413-2061A494B978}.Debug|ARM.Deploy.0 = Debug|ARM
		{6A522A6E-73A5-4652-9413-2061A494B978}.Debug|iPhone.ActiveCfg = Debug|x86
		{6A522A6E-73A5-4652-9413-2061A494B978}.Debug|iPhoneSimulator.ActiveCfg = Debug|x86
		{6A522A6E-73A5-4652-9413-2061A494B978}.Debug|x64.ActiveCfg = Debug|x64
		{6A522A6E-73A5-4652-9413-2061A494B978}.Debug|x64.Build.0 = Debug|x64
		{6A522A6E-73A5-4652-9413-2061A494B978}.Debug|x64.Deploy.0 = Debug|x64
		{6A522A6E-73A5-4652-9413-2061A494B978}.Debug|x86.ActiveCfg = Debug|x86
		{6A522A6E-73A5-4652-9413-2061A494B978}.Debug|x86.Build.0 = Debug|x86
		{6A522A6E-73A5-4652-9413-2061A494B978}.Debug|x86.Deploy.0 = Debug|x86
		{6A522A6E-73A5-4652-9413-2061A494B978}.Release|Any CPU.ActiveCfg = Release|x86
		{6A522A6E-73A5-4652-9413-2061A494B978}.Release|ARM.ActiveCfg = Release|ARM
		{6A522A6E-73A5-4652-9413-2061A494B978}.Release|ARM.Build.0 = Release|ARM
		{6A522A6E-73A5-4652-9413-2061A494B978}.Release|ARM.Deploy.0 = Release|ARM
		{6A522A6E-73A5-4652-9413-2061A494B978}.Release|iPhone.ActiveCfg = Release|x86
		{6A522A6E-73A5-4652-9413-2061A494B978}.Release|iPhoneSimulator.ActiveCfg = Release|x86
		{6A522A6E-73A5-4652-9413-2061A494B978}.Release|x64.ActiveCfg = Release|x64
		{6A522A6E-73A5-4652-9413-2061A494B978}.Release|x64.Build.0 = Release|x64
		{6A522A6E-73A5-4652-9413-2061A494B978}.Release|x64.Deploy.0 = Release|x64
		{6A522A6E-73A5-4652-9413-2061A494B978}.Release|x86.ActiveCfg = Release|x86
		{6A522A6E-73A5-4652-9413-2061A494B978}.Release|x86.Build.0 = Release|x86
		{6A522A6E-73A5-4652-9413-2061A494B978}.Release|x86.Deploy.0 = Release|x86
	EndGlobalSection
	GlobalSection(SolutionProperties) = preSolution
		HideSolutionNode = FALSE
	EndGlobalSection
	GlobalSection(ExtensibilityGlobals) = postSolution
		SolutionGuid = {16CBB470-929D-4EBC-8954-23A49EDDBC40}
	EndGlobalSection
EndGlobal
